{
	"name": "minecraft_kill_reward",
	"lockfileVersion": 3,
	"requires": true,
	"packages": {
		"": {
			"dependencies": {
				"@minecraft/server": "^1.13.0-beta.1.21.10-preview.21"
			}
		},
		"node_modules/@minecraft/common": {
			"version": "1.2.0",
			"resolved": "https://registry.npmjs.org/@minecraft/common/-/common-1.2.0.tgz",
			"integrity": "sha512-JdmEq4P3Z/FtoBzhLijFgMSVFnFRrUoLwY8DHHrgtFo0mfLTOLTB1RErYjLMsA6b7BGVNxkX/pfFRiH7QZ0XwQ=="
		},
		"node_modules/@minecraft/server": {
			"version": "1.13.0-beta.1.21.10-preview.21",
			"resolved": "https://registry.npmjs.org/@minecraft/server/-/server-1.13.0-beta.1.21.10-preview.21.tgz",
			"integrity": "sha512-VPD1BtIKRtXGsOCIbxt+dNkkIjCstmEFNsKxan8WSQJ098Hw9/smZYo0zbrFv0IIE/sIyZGGvulu8j1YD/YMjQ==",
			"dependencies": {
				"@minecraft/common": "^1.1.0"
			}
		}
	}
}
